
Microsoft Visual Studio Solution File, Format Version 12.00
# Visual Studio Version 17
VisualStudioVersion = 17.7.34018.315
MinimumVisualStudioVersion = 10.0.40219.1
Project("{FAE04EC0-301F-11D3-BF4B-00C04F79EFBC}") = "ADVNow", "ADVNow\ADVNow.csproj", "{928B482C-C5EF-4C35-A98E-A2514ABF70C5}"
EndProject
Global
	GlobalSection(SolutionConfigurationPlatforms) = preSolution
		Debug|Any CPU = Debug|Any CPU
		Release|Any CPU = Release|Any CPU
	EndGlobalSection
	GlobalSection(ProjectConfigurationPlatforms) = postSolution
		{928B482C-C5EF-4C35-A98E-A2514ABF70C5}.Debug|Any CPU.ActiveCfg = Debug|Any CPU
		{928B482C-C5EF-4C35-A98E-A2514ABF70C5}.Debug|Any CPU.Build.0 = Debug|Any CPU
		{928B482C-C5EF-4C35-A98E-A2514ABF70C5}.Release|Any CPU.ActiveCfg = Release|Any CPU
		{928B482C-C5EF-4C35-A98E-A2514ABF70C5}.Release|Any CPU.Build.0 = Release|Any CPU
	EndGlobalSection
	GlobalSection(SolutionProperties) = preSolution
		HideSolutionNode = FALSE
	EndGlobalSection
	GlobalSection(ExtensibilityGlobals) = postSolution
		SolutionGuid = {24DC5E2D-0736-43FA-A437-105EB71CE210}
	EndGlobalSection
EndGlobal
