
Microsoft Visual Studio Solution File, Format Version 12.00
# Visual Studio Version 17
VisualStudioVersion = 17.7.34018.315
MinimumVisualStudioVersion = 10.0.40219.1
Project("{9A19103F-16F7-4668-BE54-9A1E7A4F7556}") = "ADVNow", "ADVNow\ADVNow.csproj", "{928B482C-C5EF-4C35-A98E-A2514ABF70C5}"
EndProject
Project("{54435603-DBB4-11D2-8724-00A0C9A8B90C}") = "ADVNow.Installer", "ADVNow.Installer\ADVNow.Installer.vdproj", "{A15755B8-602D-44ED-B606-0ADF08827A99}"
EndProject
Global
	GlobalSection(SolutionConfigurationPlatforms) = preSolution
		Debug|Any CPU = Debug|Any CPU
		Release|Any CPU = Release|Any CPU
	EndGlobalSection
	GlobalSection(ProjectConfigurationPlatforms) = postSolution
		{928B482C-C5EF-4C35-A98E-A2514ABF70C5}.Debug|Any CPU.ActiveCfg = Debug|Any CPU
		{928B482C-C5EF-4C35-A98E-A2514ABF70C5}.Debug|Any CPU.Build.0 = Debug|Any CPU
		{928B482C-C5EF-4C35-A98E-A2514ABF70C5}.Release|Any CPU.ActiveCfg = Release|Any CPU
		{928B482C-C5EF-4C35-A98E-A2514ABF70C5}.Release|Any CPU.Build.0 = Release|Any CPU
		{A15755B8-602D-44ED-B606-0ADF08827A99}.Debug|Any CPU.ActiveCfg = Debug
		{A15755B8-602D-44ED-B606-0ADF08827A99}.Debug|Any CPU.Build.0 = Debug
		{A15755B8-602D-44ED-B606-0ADF08827A99}.Release|Any CPU.ActiveCfg = Release
		{A15755B8-602D-44ED-B606-0ADF08827A99}.Release|Any CPU.Build.0 = Release
	EndGlobalSection
	GlobalSection(SolutionProperties) = preSolution
		HideSolutionNode = FALSE
	EndGlobalSection
	GlobalSection(ExtensibilityGlobals) = postSolution
		SolutionGuid = {24DC5E2D-0736-43FA-A437-105EB71CE210}
	EndGlobalSection
EndGlobal
